
Microsoft Visual Studio Solution File, Format Version 12.00
# Visual Studio 15
VisualStudioVersion = 15.0.27004.2002
MinimumVisualStudioVersion = 10.0.40219.1
Project("{9A19103F-16F7-4668-BE54-9A1E7A4F7556}") = "PlantIt.Web", "PlantIt.Web\PlantIt.Web.csproj", "{A11CDE7A-5DEA-4F32-8EC3-3208EFD16F52}"
EndProject
Project("{9A19103F-16F7-4668-BE54-9A1E7A4F7556}") = "PlantIt.Domain", "PlantIt.Domain\PlantIt.Domain.csproj", "{D5EB9597-2CB7-426E-A06F-F99267D9E06E}"
EndProject
Project("{9A19103F-16F7-4668-BE54-9A1E7A4F7556}") = "PlantIt.Data", "PlantIt.Data\PlantIt.Data.csproj", "{32CA7049-64B3-40B1-A0F3-19DFD5A30A7E}"
EndProject
Project("{9A19103F-16F7-4668-BE54-9A1E7A4F7556}") = "PlantIt.Common", "PlantIt.Common\PlantIt.Common.csproj", "{5D73F76B-C171-4FDE-BFA6-994460EF8CFB}"
EndProject
Project("{9A19103F-16F7-4668-BE54-9A1E7A4F7556}") = "PlantIt.Services", "PlantIt.Services\PlantIt.Services.csproj", "{DF3333A7-5DEC-4B0F-9582-3FF305109A5B}"
EndProject
Global
	GlobalSection(SolutionConfigurationPlatforms) = preSolution
		Debug|Any CPU = Debug|Any CPU
		Release|Any CPU = Release|Any CPU
	EndGlobalSection
	GlobalSection(ProjectConfigurationPlatforms) = postSolution
		{A11CDE7A-5DEA-4F32-8EC3-3208EFD16F52}.Debug|Any CPU.ActiveCfg = Debug|Any CPU
		{A11CDE7A-5DEA-4F32-8EC3-3208EFD16F52}.Debug|Any CPU.Build.0 = Debug|Any CPU
		{A11CDE7A-5DEA-4F32-8EC3-3208EFD16F52}.Release|Any CPU.ActiveCfg = Release|Any CPU
		{A11CDE7A-5DEA-4F32-8EC3-3208EFD16F52}.Release|Any CPU.Build.0 = Release|Any CPU
		{D5EB9597-2CB7-426E-A06F-F99267D9E06E}.Debug|Any CPU.ActiveCfg = Debug|Any CPU
		{D5EB9597-2CB7-426E-A06F-F99267D9E06E}.Debug|Any CPU.Build.0 = Debug|Any CPU
		{D5EB9597-2CB7-426E-A06F-F99267D9E06E}.Release|Any CPU.ActiveCfg = Release|Any CPU
		{D5EB9597-2CB7-426E-A06F-F99267D9E06E}.Release|Any CPU.Build.0 = Release|Any CPU
		{32CA7049-64B3-40B1-A0F3-19DFD5A30A7E}.Debug|Any CPU.ActiveCfg = Debug|Any CPU
		{32CA7049-64B3-40B1-A0F3-19DFD5A30A7E}.Debug|Any CPU.Build.0 = Debug|Any CPU
		{32CA7049-64B3-40B1-A0F3-19DFD5A30A7E}.Release|Any CPU.ActiveCfg = Release|Any CPU
		{32CA7049-64B3-40B1-A0F3-19DFD5A30A7E}.Release|Any CPU.Build.0 = Release|Any CPU
		{5D73F76B-C171-4FDE-BFA6-994460EF8CFB}.Debug|Any CPU.ActiveCfg = Debug|Any CPU
		{5D73F76B-C171-4FDE-BFA6-994460EF8CFB}.Debug|Any CPU.Build.0 = Debug|Any CPU
		{5D73F76B-C171-4FDE-BFA6-994460EF8CFB}.Release|Any CPU.ActiveCfg = Release|Any CPU
		{5D73F76B-C171-4FDE-BFA6-994460EF8CFB}.Release|Any CPU.Build.0 = Release|Any CPU
		{DF3333A7-5DEC-4B0F-9582-3FF305109A5B}.Debug|Any CPU.ActiveCfg = Debug|Any CPU
		{DF3333A7-5DEC-4B0F-9582-3FF305109A5B}.Debug|Any CPU.Build.0 = Debug|Any CPU
		{DF3333A7-5DEC-4B0F-9582-3FF305109A5B}.Release|Any CPU.ActiveCfg = Release|Any CPU
		{DF3333A7-5DEC-4B0F-9582-3FF305109A5B}.Release|Any CPU.Build.0 = Release|Any CPU
	EndGlobalSection
	GlobalSection(SolutionProperties) = preSolution
		HideSolutionNode = FALSE
	EndGlobalSection
	GlobalSection(ExtensibilityGlobals) = postSolution
		SolutionGuid = {4F40300F-5AD6-4ED6-89E2-BA0CAB8CCB13}
	EndGlobalSection
EndGlobal
